# THIS IS AN AUTOGENERATED FILE. DO NOT EDIT THIS FILE DIRECTLY.
# yarn lockfile v1


"@babel/runtime@^7.13.10":
  version "7.16.0"
  resolved "https://registry.yarnpkg.com/@babel/runtime/-/runtime-7.16.0.tgz#e27b977f2e2088ba24748bf99b5e1dece64e4f0b"
  integrity sha512-Nht8L0O8YCktmsDV6FqFue7vQLRx3Hb0B37lS5y0jDRqRxlBG4wIJHnf9/bgSE2UyipKFA01YtS+npRdTWBUyw==
  dependencies:
    regenerator-runtime "^0.13.4"

"@modulz/radix-icons@^4.0.0":
  version "4.0.0"
  resolved "https://registry.yarnpkg.com/@modulz/radix-icons/-/radix-icons-4.0.0.tgz#628a7826a4569dd2e3331e266d8d2e26c7d6753c"
  integrity sha512-d79T4cYvMGMocVC/q1WiMO578FPFfUoxmXIkduc8cUQAPDr7thuEV5HrCHhqqqkoVaYD0QPct180ilcNUyGPrg==

"@next/env@12.3.4":
  version "12.3.4"
  resolved "https://registry.yarnpkg.com/@next/env/-/env-12.3.4.tgz#c787837d36fcad75d72ff8df6b57482027d64a47"
  integrity sha512-H/69Lc5Q02dq3o+dxxy5O/oNxFsZpdL6WREtOOtOM1B/weonIwDXkekr1KV5DPVPr12IHFPrMrcJQ6bgPMfn7A==

"@next/swc-android-arm-eabi@12.3.4":
  version "12.3.4"
  resolved "https://registry.yarnpkg.com/@next/swc-android-arm-eabi/-/swc-android-arm-eabi-12.3.4.tgz#fd1c2dafe92066c6120761c6a39d19e666dc5dd0"
  integrity sha512-cM42Cw6V4Bz/2+j/xIzO8nK/Q3Ly+VSlZJTa1vHzsocJRYz8KT6MrreXaci2++SIZCF1rVRCDgAg5PpqRibdIA==

"@next/swc-android-arm64@12.3.4":
  version "12.3.4"
  resolved "https://registry.yarnpkg.com/@next/swc-android-arm64/-/swc-android-arm64-12.3.4.tgz#11a146dae7b8bca007239b21c616e83f77b19ed4"
  integrity sha512-5jf0dTBjL+rabWjGj3eghpLUxCukRhBcEJgwLedewEA/LJk2HyqCvGIwj5rH+iwmq1llCWbOky2dO3pVljrapg==

"@next/swc-darwin-arm64@12.3.4":
  version "12.3.4"
  resolved "https://registry.yarnpkg.com/@next/swc-darwin-arm64/-/swc-darwin-arm64-12.3.4.tgz#14ac8357010c95e67327f47082af9c9d75d5be79"
  integrity sha512-DqsSTd3FRjQUR6ao0E1e2OlOcrF5br+uegcEGPVonKYJpcr0MJrtYmPxd4v5T6UCJZ+XzydF7eQo5wdGvSZAyA==

"@next/swc-darwin-x64@12.3.4":
  version "12.3.4"
  resolved "https://registry.yarnpkg.com/@next/swc-darwin-x64/-/swc-darwin-x64-12.3.4.tgz#e7dc63cd2ac26d15fb84d4d2997207fb9ba7da0f"
  integrity sha512-PPF7tbWD4k0dJ2EcUSnOsaOJ5rhT3rlEt/3LhZUGiYNL8KvoqczFrETlUx0cUYaXe11dRA3F80Hpt727QIwByQ==

"@next/swc-freebsd-x64@12.3.4":
  version "12.3.4"
  resolved "https://registry.yarnpkg.com/@next/swc-freebsd-x64/-/swc-freebsd-x64-12.3.4.tgz#fe7ceec58746fdf03f1fcb37ec1331c28e76af93"
  integrity sha512-KM9JXRXi/U2PUM928z7l4tnfQ9u8bTco/jb939pdFUHqc28V43Ohd31MmZD1QzEK4aFlMRaIBQOWQZh4D/E5lQ==

"@next/swc-linux-arm-gnueabihf@12.3.4":
  version "12.3.4"
  resolved "https://registry.yarnpkg.com/@next/swc-linux-arm-gnueabihf/-/swc-linux-arm-gnueabihf-12.3.4.tgz#d7016934d02bfc8bd69818ffb0ae364b77b17af7"
  integrity sha512-3zqD3pO+z5CZyxtKDTnOJ2XgFFRUBciOox6EWkoZvJfc9zcidNAQxuwonUeNts6Xbm8Wtm5YGIRC0x+12YH7kw==

"@next/swc-linux-arm64-gnu@12.3.4":
  version "12.3.4"
  resolved "https://registry.yarnpkg.com/@next/swc-linux-arm64-gnu/-/swc-linux-arm64-gnu-12.3.4.tgz#43a7bc409b03487bff5beb99479cacdc7bd29af5"
  integrity sha512-kiX0vgJGMZVv+oo1QuObaYulXNvdH/IINmvdZnVzMO/jic/B8EEIGlZ8Bgvw8LCjH3zNVPO3mGrdMvnEEPEhKA==

"@next/swc-linux-arm64-musl@12.3.4":
  version "12.3.4"
  resolved "https://registry.yarnpkg.com/@next/swc-linux-arm64-musl/-/swc-linux-arm64-musl-12.3.4.tgz#4d1db6de6dc982b974cd1c52937111e3e4a34bd3"
  integrity sha512-EETZPa1juczrKLWk5okoW2hv7D7WvonU+Cf2CgsSoxgsYbUCZ1voOpL4JZTOb6IbKMDo6ja+SbY0vzXZBUMvkQ==

"@next/swc-linux-x64-gnu@12.3.4":
  version "12.3.4"
  resolved "https://registry.yarnpkg.com/@next/swc-linux-x64-gnu/-/swc-linux-x64-gnu-12.3.4.tgz#c3b414d77bab08b35f7dd8943d5586f0adb15e38"
  integrity sha512-4csPbRbfZbuWOk3ATyWcvVFdD9/Rsdq5YHKvRuEni68OCLkfy4f+4I9OBpyK1SKJ00Cih16NJbHE+k+ljPPpag==

"@next/swc-linux-x64-musl@12.3.4":
  version "12.3.4"
  resolved "https://registry.yarnpkg.com/@next/swc-linux-x64-musl/-/swc-linux-x64-musl-12.3.4.tgz#187a883ec09eb2442a5ebf126826e19037313c61"
  integrity sha512-YeBmI+63Ro75SUiL/QXEVXQ19T++58aI/IINOyhpsRL1LKdyfK/35iilraZEFz9bLQrwy1LYAR5lK200A9Gjbg==

"@next/swc-win32-arm64-msvc@12.3.4":
  version "12.3.4"
  resolved "https://registry.yarnpkg.com/@next/swc-win32-arm64-msvc/-/swc-win32-arm64-msvc-12.3.4.tgz#89befa84e453ed2ef9a888f375eba565a0fde80b"
  integrity sha512-Sd0qFUJv8Tj0PukAYbCCDbmXcMkbIuhnTeHm9m4ZGjCf6kt7E/RMs55Pd3R5ePjOkN7dJEuxYBehawTR/aPDSQ==

"@next/swc-win32-ia32-msvc@12.3.4":
  version "12.3.4"
  resolved "https://registry.yarnpkg.com/@next/swc-win32-ia32-msvc/-/swc-win32-ia32-msvc-12.3.4.tgz#cb50c08f0e40ead63642a7f269f0c8254261f17c"
  integrity sha512-rt/vv/vg/ZGGkrkKcuJ0LyliRdbskQU+91bje+PgoYmxTZf/tYs6IfbmgudBJk6gH3QnjHWbkphDdRQrseRefQ==

"@next/swc-win32-x64-msvc@12.3.4":
  version "12.3.4"
  resolved "https://registry.yarnpkg.com/@next/swc-win32-x64-msvc/-/swc-win32-x64-msvc-12.3.4.tgz#d28ea15a72cdcf96201c60a43e9630cd7fda168f"
  integrity sha512-DQ20JEfTBZAgF8QCjYfJhv2/279M6onxFjdG/+5B0Cyj00/EdBxiWb2eGGFgQhrBbNv/lsvzFbbi0Ptf8Vw/bg==

"@radix-ui/colors@^0.1.8":
  version "0.1.8"
  resolved "https://registry.yarnpkg.com/@radix-ui/colors/-/colors-0.1.8.tgz#b08c62536fc462a87632165fb28e9b18f9bd047e"
  integrity sha512-jwRMXYwC0hUo0mv6wGpuw254Pd9p/R6Td5xsRpOmaWkUHlooNWqVcadgyzlRumMq3xfOTXwJReU0Jv+EIy4Jbw==

"@radix-ui/popper@0.1.0":
  version "0.1.0"
  resolved "https://registry.yarnpkg.com/@radix-ui/popper/-/popper-0.1.0.tgz#c387a38f31b7799e1ea0d2bb1ca0c91c2931b063"
  integrity sha512-uzYeElL3w7SeNMuQpXiFlBhTT+JyaNMCwDfjKkrzugEcYrf5n52PHqncNdQPUtR42hJh8V9FsqyEDbDxkeNjJQ==
  dependencies:
    "@babel/runtime" "^7.13.10"
    csstype "^3.0.4"

"@radix-ui/primitive@0.1.0":
  version "0.1.0"
  resolved "https://registry.yarnpkg.com/@radix-ui/primitive/-/primitive-0.1.0.tgz#6206b97d379994f0d1929809db035733b337e543"
  integrity sha512-tqxZKybwN5Fa3VzZry4G6mXAAb9aAqKmPtnVbZpL0vsBwvOHTBwsjHVPXylocYLwEtBY9SCe665bYnNB515uoA==
  dependencies:
    "@babel/runtime" "^7.13.10"

"@radix-ui/react-arrow@0.1.4":
  version "0.1.4"
  resolved "https://registry.yarnpkg.com/@radix-ui/react-arrow/-/react-arrow-0.1.4.tgz#a871448a418cd3507d83840fdd47558cb961672b"
  integrity sha512-BB6XzAb7Ml7+wwpFdYVtZpK1BlMgqyafSQNGzhIpSZ4uXvXOHPlR5GP8M449JkeQzgQjv9Mp1AsJxFC0KuOtuA==
  dependencies:
    "@babel/runtime" "^7.13.10"
    "@radix-ui/react-primitive" "0.1.4"

"@radix-ui/react-collection@0.1.4":
  version "0.1.4"
  resolved "https://registry.yarnpkg.com/@radix-ui/react-collection/-/react-collection-0.1.4.tgz#734061ffd5bb93e88889d49b87391a73a63824c9"
  integrity sha512-3muGI15IdgaDFjOcO7xX8a35HQRBRF6LH9pS6UCeZeRmbslkVeHyJRQr2rzICBUoX7zgIA0kXyMDbpQnJGyJTA==
  dependencies:
    "@babel/runtime" "^7.13.10"
    "@radix-ui/react-compose-refs" "0.1.0"
    "@radix-ui/react-context" "0.1.1"
    "@radix-ui/react-primitive" "0.1.4"
    "@radix-ui/react-slot" "0.1.2"

"@radix-ui/react-compose-refs@0.1.0":
  version "0.1.0"
  resolved "https://registry.yarnpkg.com/@radix-ui/react-compose-refs/-/react-compose-refs-0.1.0.tgz#cff6e780a0f73778b976acff2c2a5b6551caab95"
  integrity sha512-eyclbh+b77k+69Dk72q3694OHrn9B3QsoIRx7ywX341U9RK1ThgQjMFZoPtmZNQTksXHLNEiefR8hGVeFyInGg==
  dependencies:
    "@babel/runtime" "^7.13.10"

"@radix-ui/react-context@0.1.1":
  version "0.1.1"
  resolved "https://registry.yarnpkg.com/@radix-ui/react-context/-/react-context-0.1.1.tgz#06996829ea124d9a1bc1dbe3e51f33588fab0875"
  integrity sha512-PkyVX1JsLBioeu0jB9WvRpDBBLtLZohVDT3BB5CTSJqActma8S8030P57mWZb4baZifMvN7KKWPAA40UmWKkQg==
  dependencies:
    "@babel/runtime" "^7.13.10"

"@radix-ui/react-dialog@^0.1.7":
  version "0.1.7"
  resolved "https://registry.yarnpkg.com/@radix-ui/react-dialog/-/react-dialog-0.1.7.tgz#285414cf66f5bbf42bc9935314e0381abe01e7d0"
  integrity sha512-jXt8srGhHBRvEr9jhEAiwwJzWCWZoGRJ030aC9ja/gkRJbZdy0iD3FwXf+Ff4RtsZyLUMHW7VUwFOlz3Ixe1Vw==
  dependencies:
    "@babel/runtime" "^7.13.10"
    "@radix-ui/primitive" "0.1.0"
    "@radix-ui/react-compose-refs" "0.1.0"
    "@radix-ui/react-context" "0.1.1"
    "@radix-ui/react-dismissable-layer" "0.1.5"
    "@radix-ui/react-focus-guards" "0.1.0"
    "@radix-ui/react-focus-scope" "0.1.4"
    "@radix-ui/react-id" "0.1.5"
    "@radix-ui/react-portal" "0.1.4"
    "@radix-ui/react-presence" "0.1.2"
    "@radix-ui/react-primitive" "0.1.4"
    "@radix-ui/react-slot" "0.1.2"
    "@radix-ui/react-use-controllable-state" "0.1.0"
    aria-hidden "^1.1.1"
    react-remove-scroll "^2.4.0"

"@radix-ui/react-dismissable-layer@0.1.5":
  version "0.1.5"
  resolved "https://registry.yarnpkg.com/@radix-ui/react-dismissable-layer/-/react-dismissable-layer-0.1.5.tgz#9379032351e79028d472733a5cc8ba4a0ea43314"
  integrity sha512-J+fYWijkX4M4QKwf9dtu1oC0U6e6CEl8WhBp3Ad23yz2Hia0XCo6Pk/mp5CAFy4QBtQedTSkhW05AdtSOEoajQ==
  dependencies:
    "@babel/runtime" "^7.13.10"
    "@radix-ui/primitive" "0.1.0"
    "@radix-ui/react-compose-refs" "0.1.0"
    "@radix-ui/react-primitive" "0.1.4"
    "@radix-ui/react-use-body-pointer-events" "0.1.1"
    "@radix-ui/react-use-callback-ref" "0.1.0"
    "@radix-ui/react-use-escape-keydown" "0.1.0"

"@radix-ui/react-dropdown-menu@^0.1.6":
  version "0.1.6"
  resolved "https://registry.yarnpkg.com/@radix-ui/react-dropdown-menu/-/react-dropdown-menu-0.1.6.tgz#3203229788cd57e552c9f19dcc7008e2b545919c"
  integrity sha512-RZhtzjWwJ4ZBN7D8ek4Zn+ilHzYuYta9yIxFnbC0pfqMnSi67IQNONo1tuuNqtFh9SRHacPKc65zo+kBBlxtdg==
  dependencies:
    "@babel/runtime" "^7.13.10"
    "@radix-ui/primitive" "0.1.0"
    "@radix-ui/react-compose-refs" "0.1.0"
    "@radix-ui/react-context" "0.1.1"
    "@radix-ui/react-id" "0.1.5"
    "@radix-ui/react-menu" "0.1.6"
    "@radix-ui/react-primitive" "0.1.4"
    "@radix-ui/react-use-controllable-state" "0.1.0"

"@radix-ui/react-focus-guards@0.1.0":
  version "0.1.0"
  resolved "https://registry.yarnpkg.com/@radix-ui/react-focus-guards/-/react-focus-guards-0.1.0.tgz#ba3b6f902cba7826569f8edc21ff8223dece7def"
  integrity sha512-kRx/swAjEfBpQ3ns7J3H4uxpXuWCqN7MpALiSDOXiyo2vkWv0L9sxvbpZeTulINuE3CGMzicVMuNc/VWXjFKOg==
  dependencies:
    "@babel/runtime" "^7.13.10"

"@radix-ui/react-focus-scope@0.1.4":
  version "0.1.4"
  resolved "https://registry.yarnpkg.com/@radix-ui/react-focus-scope/-/react-focus-scope-0.1.4.tgz#c830724e212d42ffaaa81aee49533213d09b47df"
  integrity sha512-fbA4ES3H4Wkxp+OeLhvN6SwL7mXNn/aBtUf7DRYxY9+Akrf7dRxl2ck4lgcpPsSg3zSDsEwLcY+h5cmj5yvlug==
  dependencies:
    "@babel/runtime" "^7.13.10"
    "@radix-ui/react-compose-refs" "0.1.0"
    "@radix-ui/react-primitive" "0.1.4"
    "@radix-ui/react-use-callback-ref" "0.1.0"

"@radix-ui/react-icons@^1.1.1":
  version "1.1.1"
  resolved "https://registry.yarnpkg.com/@radix-ui/react-icons/-/react-icons-1.1.1.tgz#38d2aa548035dd3b799c169bd17177b1cec3152b"
  integrity sha512-xc3wQC59rsFylVbSusQCrrM+6695ppF730Q6yqzhRdqDcRNWIm2R6ngpzBoSOQMcwnq4p805F+Gr7xo4fmtN1A==

"@radix-ui/react-id@0.1.5", "@radix-ui/react-id@^0.1.5":
  version "0.1.5"
  resolved "https://registry.yarnpkg.com/@radix-ui/react-id/-/react-id-0.1.5.tgz#010d311bedd5a2884c1e9bb6aaaa4e6cc1d1d3b8"
  integrity sha512-IPc4H/63bes0IZ1GJJozSEkSWcDyhNGtKFWUpJ+XtaLyQ1X3x7Mf6fWwWhDcpqlYEP+5WtAvfqcyEsyjP+ZhBQ==
  dependencies:
    "@babel/runtime" "^7.13.10"
    "@radix-ui/react-use-layout-effect" "0.1.0"

"@radix-ui/react-label@0.1.5":
  version "0.1.5"
  resolved "https://registry.yarnpkg.com/@radix-ui/react-label/-/react-label-0.1.5.tgz#12cd965bfc983e0148121d4c99fb8e27a917c45c"
  integrity sha512-Au9+n4/DhvjR0IHhvZ1LPdx/OW+3CGDie30ZyCkbSHIuLp4/CV4oPPGBwJ1vY99Jog3zyQhsGww9MXj8O9Aj/A==
  dependencies:
    "@babel/runtime" "^7.13.10"
    "@radix-ui/react-compose-refs" "0.1.0"
    "@radix-ui/react-context" "0.1.1"
    "@radix-ui/react-id" "0.1.5"
    "@radix-ui/react-primitive" "0.1.4"

"@radix-ui/react-menu@0.1.6":
  version "0.1.6"
  resolved "https://registry.yarnpkg.com/@radix-ui/react-menu/-/react-menu-0.1.6.tgz#7f9521a10f6a9cd819b33b33d5ed9538d79b2e75"
  integrity sha512-ho3+bhpr3oAFkOBJ8VkUb1BcGoiZBB3OmcWPqa6i5RTUKrzNX/d6rauochu2xDlWjiRtpVuiAcsTVOeIC4FbYQ==
  dependencies:
    "@babel/runtime" "^7.13.10"
    "@radix-ui/primitive" "0.1.0"
    "@radix-ui/react-collection" "0.1.4"
    "@radix-ui/react-compose-refs" "0.1.0"
    "@radix-ui/react-context" "0.1.1"
    "@radix-ui/react-dismissable-layer" "0.1.5"
    "@radix-ui/react-focus-guards" "0.1.0"
    "@radix-ui/react-focus-scope" "0.1.4"
    "@radix-ui/react-id" "0.1.5"
    "@radix-ui/react-popper" "0.1.4"
    "@radix-ui/react-portal" "0.1.4"
    "@radix-ui/react-presence" "0.1.2"
    "@radix-ui/react-primitive" "0.1.4"
    "@radix-ui/react-roving-focus" "0.1.5"
    "@radix-ui/react-use-callback-ref" "0.1.0"
    "@radix-ui/react-use-direction" "0.1.0"
    aria-hidden "^1.1.1"
    react-remove-scroll "^2.4.0"

"@radix-ui/react-popper@0.1.4":
  version "0.1.4"
  resolved "https://registry.yarnpkg.com/@radix-ui/react-popper/-/react-popper-0.1.4.tgz#dfc055dcd7dfae6a2eff7a70d333141d15a5d029"
  integrity sha512-18gDYof97t8UQa7zwklG1Dr8jIdj3u+rVOQLzPi9f5i1YQak/pVGkaqw8aY+iDUknKKuZniTk/7jbAJUYlKyOw==
  dependencies:
    "@babel/runtime" "^7.13.10"
    "@radix-ui/popper" "0.1.0"
    "@radix-ui/react-arrow" "0.1.4"
    "@radix-ui/react-compose-refs" "0.1.0"
    "@radix-ui/react-context" "0.1.1"
    "@radix-ui/react-primitive" "0.1.4"
    "@radix-ui/react-use-rect" "0.1.1"
    "@radix-ui/react-use-size" "0.1.1"
    "@radix-ui/rect" "0.1.1"

"@radix-ui/react-portal@0.1.4":
  version "0.1.4"
  resolved "https://registry.yarnpkg.com/@radix-ui/react-portal/-/react-portal-0.1.4.tgz#17bdce3d7f1a9a0b35cb5e935ab8bc562441a7d2"
  integrity sha512-MO0wRy2eYRTZ/CyOri9NANCAtAtq89DEtg90gicaTlkCfdqCLEBsLb+/q66BZQTr3xX/Vq01nnVfc/TkCqoqvw==
  dependencies:
    "@babel/runtime" "^7.13.10"
    "@radix-ui/react-primitive" "0.1.4"
    "@radix-ui/react-use-layout-effect" "0.1.0"

"@radix-ui/react-presence@0.1.2":
  version "0.1.2"
  resolved "https://registry.yarnpkg.com/@radix-ui/react-presence/-/react-presence-0.1.2.tgz#9f11cce3df73cf65bc348e8b76d891f0d54c1fe3"
  integrity sha512-3BRlFZraooIUfRlyN+b/Xs5hq1lanOOo/+3h6Pwu2GMFjkGKKa4Rd51fcqGqnVlbr3jYg+WLuGyAV4KlgqwrQw==
  dependencies:
    "@babel/runtime" "^7.13.10"
    "@radix-ui/react-compose-refs" "0.1.0"
    "@radix-ui/react-use-layout-effect" "0.1.0"

"@radix-ui/react-primitive@0.1.4":
  version "0.1.4"
  resolved "https://registry.yarnpkg.com/@radix-ui/react-primitive/-/react-primitive-0.1.4.tgz#6c233cf08b0cb87fecd107e9efecb3f21861edc1"
  integrity sha512-6gSl2IidySupIMJFjYnDIkIWRyQdbu/AHK7rbICPani+LW4b0XdxBXc46og/iZvuwW8pjCS8I2SadIerv84xYA==
  dependencies:
    "@babel/runtime" "^7.13.10"
    "@radix-ui/react-slot" "0.1.2"

"@radix-ui/react-radio-group@^0.1.5":
  version "0.1.5"
  resolved "https://registry.yarnpkg.com/@radix-ui/react-radio-group/-/react-radio-group-0.1.5.tgz#ca8a676123a18b44804aff10af46129e2c2b37c3"
  integrity sha512-ybgHsmh/V2crKvK6xZ56dpPul7b+vyxcq7obWqHbr5W6Ca11wdm0E7lS0i/Y6pgfIKYOWIARmZYDpRMEeRCPOw==
  dependencies:
    "@babel/runtime" "^7.13.10"
    "@radix-ui/primitive" "0.1.0"
    "@radix-ui/react-compose-refs" "0.1.0"
    "@radix-ui/react-context" "0.1.1"
    "@radix-ui/react-label" "0.1.5"
    "@radix-ui/react-presence" "0.1.2"
    "@radix-ui/react-primitive" "0.1.4"
    "@radix-ui/react-roving-focus" "0.1.5"
    "@radix-ui/react-use-controllable-state" "0.1.0"
    "@radix-ui/react-use-previous" "0.1.1"
    "@radix-ui/react-use-size" "0.1.1"

"@radix-ui/react-roving-focus@0.1.5":
  version "0.1.5"
  resolved "https://registry.yarnpkg.com/@radix-ui/react-roving-focus/-/react-roving-focus-0.1.5.tgz#cc48d17a36b56f253d54905b0fd60ee134cb97ee"
  integrity sha512-ClwKPS5JZE+PaHCoW7eu1onvE61pDv4kO8W4t5Ra3qMFQiTJLZMdpBQUhksN//DaVygoLirz4Samdr5Y1x1FSA==
  dependencies:
    "@babel/runtime" "^7.13.10"
    "@radix-ui/primitive" "0.1.0"
    "@radix-ui/react-collection" "0.1.4"
    "@radix-ui/react-compose-refs" "0.1.0"
    "@radix-ui/react-context" "0.1.1"
    "@radix-ui/react-id" "0.1.5"
    "@radix-ui/react-primitive" "0.1.4"
    "@radix-ui/react-use-callback-ref" "0.1.0"
    "@radix-ui/react-use-controllable-state" "0.1.0"

"@radix-ui/react-slot@0.1.2":
  version "0.1.2"
  resolved "https://registry.yarnpkg.com/@radix-ui/react-slot/-/react-slot-0.1.2.tgz#e6f7ad9caa8ce81cc8d532c854c56f9b8b6307c8"
  integrity sha512-ADkqfL+agEzEguU3yS26jfB50hRrwf7U4VTwAOZEmi/g+ITcBWe12yM46ueS/UCIMI9Py+gFUaAdxgxafFvY2Q==
  dependencies:
    "@babel/runtime" "^7.13.10"
    "@radix-ui/react-compose-refs" "0.1.0"

"@radix-ui/react-use-body-pointer-events@0.1.1":
  version "0.1.1"
  resolved "https://registry.yarnpkg.com/@radix-ui/react-use-body-pointer-events/-/react-use-body-pointer-events-0.1.1.tgz#63e7fd81ca7ffd30841deb584cd2b7f460df2597"
  integrity sha512-R8leV2AWmJokTmERM8cMXFHWSiv/fzOLhG/JLmRBhLTAzOj37EQizssq4oW0Z29VcZy2tODMi9Pk/htxwb+xpA==
  dependencies:
    "@babel/runtime" "^7.13.10"
    "@radix-ui/react-use-layout-effect" "0.1.0"

"@radix-ui/react-use-callback-ref@0.1.0":
  version "0.1.0"
  resolved "https://registry.yarnpkg.com/@radix-ui/react-use-callback-ref/-/react-use-callback-ref-0.1.0.tgz#934b6e123330f5b3a6b116460e6662cbc663493f"
  integrity sha512-Va041McOFFl+aV+sejvl0BS2aeHx86ND9X/rVFmEFQKTXCp6xgUK0NGUAGcgBlIjnJSbMYPGEk1xKSSlVcN2Aw==
  dependencies:
    "@babel/runtime" "^7.13.10"

"@radix-ui/react-use-controllable-state@0.1.0":
  version "0.1.0"
  resolved "https://registry.yarnpkg.com/@radix-ui/react-use-controllable-state/-/react-use-controllable-state-0.1.0.tgz#4fced164acfc69a4e34fb9d193afdab973a55de1"
  integrity sha512-zv7CX/PgsRl46a52Tl45TwqwVJdmqnlQEQhaYMz/yBOD2sx2gCkCFSoF/z9mpnYWmS6DTLNTg5lIps3fV6EnXg==
  dependencies:
    "@babel/runtime" "^7.13.10"
    "@radix-ui/react-use-callback-ref" "0.1.0"

"@radix-ui/react-use-direction@0.1.0":
  version "0.1.0"
  resolved "https://registry.yarnpkg.com/@radix-ui/react-use-direction/-/react-use-direction-0.1.0.tgz#97ac1d52e497c974389e7988f809238ed72e7df7"
  integrity sha512-NajpY/An9TCPSfOVkgWIdXJV+VuWl67PxB6kOKYmtNAFHvObzIoh8o0n9sAuwSAyFCZVq211FEf9gvVDRhOyiA==
  dependencies:
    "@babel/runtime" "^7.13.10"

"@radix-ui/react-use-escape-keydown@0.1.0":
  version "0.1.0"
  resolved "https://registry.yarnpkg.com/@radix-ui/react-use-escape-keydown/-/react-use-escape-keydown-0.1.0.tgz#dc80cb3753e9d1bd992adbad9a149fb6ea941874"
  integrity sha512-tDLZbTGFmvXaazUXXv8kYbiCcbAE8yKgng9s95d8fCO+Eundv0Jngbn/hKPhDDs4jj9ChwRX5cDDnlaN+ugYYQ==
  dependencies:
    "@babel/runtime" "^7.13.10"
    "@radix-ui/react-use-callback-ref" "0.1.0"

"@radix-ui/react-use-layout-effect@0.1.0":
  version "0.1.0"
  resolved "https://registry.yarnpkg.com/@radix-ui/react-use-layout-effect/-/react-use-layout-effect-0.1.0.tgz#ebf71bd6d2825de8f1fbb984abf2293823f0f223"
  integrity sha512-+wdeS51Y+E1q1Wmd+1xSSbesZkpVj4jsg0BojCbopWvgq5iBvixw5vgemscdh58ep98BwUbsFYnrywFhV9yrVg==
  dependencies:
    "@babel/runtime" "^7.13.10"

"@radix-ui/react-use-previous@0.1.1":
  version "0.1.1"
  resolved "https://registry.yarnpkg.com/@radix-ui/react-use-previous/-/react-use-previous-0.1.1.tgz#0226017f72267200f6e832a7103760e96a6db5d0"
  integrity sha512-O/ZgrDBr11dR8rhO59ED8s5zIXBRFi8MiS+CmFGfi7MJYdLbfqVOmQU90Ghf87aifEgWe6380LA69KBneaShAg==
  dependencies:
    "@babel/runtime" "^7.13.10"

"@radix-ui/react-use-rect@0.1.1":
  version "0.1.1"
  resolved "https://registry.yarnpkg.com/@radix-ui/react-use-rect/-/react-use-rect-0.1.1.tgz#6c15384beee59c086e75b89a7e66f3d2e583a856"
  integrity sha512-kHNNXAsP3/PeszEmM/nxBBS9Jbo93sO+xuMTcRfwzXsmxT5gDXQzAiKbZQ0EecCPtJIzqvr7dlaQi/aP1PKYqQ==
  dependencies:
    "@babel/runtime" "^7.13.10"
    "@radix-ui/rect" "0.1.1"

"@radix-ui/react-use-size@0.1.1":
  version "0.1.1"
  resolved "https://registry.yarnpkg.com/@radix-ui/react-use-size/-/react-use-size-0.1.1.tgz#f6b75272a5d41c3089ca78c8a2e48e5f204ef90f"
  integrity sha512-pTgWM5qKBu6C7kfKxrKPoBI2zZYZmp2cSXzpUiGM3qEBQlMLtYhaY2JXdXUCxz+XmD1YEjc8oRwvyfsD4AG4WA==
  dependencies:
    "@babel/runtime" "^7.13.10"

"@radix-ui/rect@0.1.1":
  version "0.1.1"
  resolved "https://registry.yarnpkg.com/@radix-ui/rect/-/rect-0.1.1.tgz#95b5ba51f469bea6b1b841e2d427e17e37d38419"
  integrity sha512-g3hnE/UcOg7REdewduRPAK88EPuLZtaq7sA9ouu8S+YEtnyFRI16jgv6GZYe3VMoQLL1T171ebmEPtDjyxWLzw==
  dependencies:
    "@babel/runtime" "^7.13.10"

"@react-spring/animated@~9.6.1":
  version "9.6.1"
  resolved "https://registry.yarnpkg.com/@react-spring/animated/-/animated-9.6.1.tgz#ccc626d847cbe346f5f8815d0928183c647eb425"
  integrity sha512-ls/rJBrAqiAYozjLo5EPPLLOb1LM0lNVQcXODTC1SMtS6DbuBCPaKco5svFUQFMP2dso3O+qcC4k9FsKc0KxMQ==
  dependencies:
    "@react-spring/shared" "~9.6.1"
    "@react-spring/types" "~9.6.1"

"@react-spring/core@~9.6.1":
  version "9.6.1"
  resolved "https://registry.yarnpkg.com/@react-spring/core/-/core-9.6.1.tgz#ebe07c20682b360b06af116ea24e2b609e778c10"
  integrity sha512-3HAAinAyCPessyQNNXe5W0OHzRfa8Yo5P748paPcmMowZ/4sMfaZ2ZB6e5x5khQI8NusOHj8nquoutd6FRY5WQ==
  dependencies:
    "@react-spring/animated" "~9.6.1"
    "@react-spring/rafz" "~9.6.1"
    "@react-spring/shared" "~9.6.1"
    "@react-spring/types" "~9.6.1"

"@react-spring/rafz@~9.6.1":
  version "9.6.1"
  resolved "https://registry.yarnpkg.com/@react-spring/rafz/-/rafz-9.6.1.tgz#d71aafb92b78b24e4ff84639f52745afc285c38d"
  integrity sha512-v6qbgNRpztJFFfSE3e2W1Uz+g8KnIBs6SmzCzcVVF61GdGfGOuBrbjIcp+nUz301awVmREKi4eMQb2Ab2gGgyQ==

"@react-spring/shared@~9.6.1":
  version "9.6.1"
  resolved "https://registry.yarnpkg.com/@react-spring/shared/-/shared-9.6.1.tgz#4e2e4296910656c02bd9fd54c559702bc836ac4e"
  integrity sha512-PBFBXabxFEuF8enNLkVqMC9h5uLRBo6GQhRMQT/nRTnemVENimgRd+0ZT4yFnAQ0AxWNiJfX3qux+bW2LbG6Bw==
  dependencies:
    "@react-spring/rafz" "~9.6.1"
    "@react-spring/types" "~9.6.1"

"@react-spring/types@~9.6.1":
  version "9.6.1"
  resolved "https://registry.yarnpkg.com/@react-spring/types/-/types-9.6.1.tgz#913d3a68c5cbc1124fdb18eff919432f7b6abdde"
  integrity sha512-POu8Mk0hIU3lRXB3bGIGe4VHIwwDsQyoD1F394OK7STTiX9w4dG3cTLljjYswkQN+hDSHRrj4O36kuVa7KPU8Q==

"@react-spring/web@^9.6.1":
  version "9.6.1"
  resolved "https://registry.yarnpkg.com/@react-spring/web/-/web-9.6.1.tgz#3e4c03b724d2b545dc2fa2649eb6109318ab9178"
  integrity sha512-X2zR6q2Z+FjsWfGAmAXlQaoUHbPmfuCaXpuM6TcwXPpLE1ZD4A1eys/wpXboFQmDkjnrlTmKvpVna1MjWpZ5Hw==
  dependencies:
    "@react-spring/animated" "~9.6.1"
    "@react-spring/core" "~9.6.1"
    "@react-spring/shared" "~9.6.1"
    "@react-spring/types" "~9.6.1"

"@stitches/react@^1.2.8":
  version "1.2.8"
  resolved "https://registry.yarnpkg.com/@stitches/react/-/react-1.2.8.tgz#954f8008be8d9c65c4e58efa0937f32388ce3a38"
  integrity sha512-9g9dWI4gsSVe8bNLlb+lMkBYsnIKCZTmvqvDG+Avnn69XfmHZKiaMrx7cgTaddq7aTPPmXiTsbFcUy0xgI4+wA==

"@swc/helpers@0.4.11":
  version "0.4.11"
  resolved "https://registry.yarnpkg.com/@swc/helpers/-/helpers-0.4.11.tgz#db23a376761b3d31c26502122f349a21b592c8de"
  integrity sha512-rEUrBSGIoSFuYxwBYtlUFMlE2CwGhmW+w9355/5oduSw8e5h2+Tj4UrAGNNgP9915++wj5vkQo0UuOBqOAq4nw==
  dependencies:
    tslib "^2.4.0"

"@types/node@18.11.18":
  version "18.11.18"
  resolved "https://registry.yarnpkg.com/@types/node/-/node-18.11.18.tgz#8dfb97f0da23c2293e554c5a50d61ef134d7697f"
  integrity sha512-DHQpWGjyQKSHj3ebjFI/wRKcqQcdR+MoFBygntYOZytCqNfkd2ZC4ARDJ2DQqhjH5p85Nnd3jhUJIXrszFX/JA==

"@types/prop-types@*":
  version "15.7.4"
  resolved "https://registry.yarnpkg.com/@types/prop-types/-/prop-types-15.7.4.tgz#fcf7205c25dff795ee79af1e30da2c9790808f11"
  integrity sha512-rZ5drC/jWjrArrS8BR6SIr4cWpW09RNTYt9AMZo3Jwwif+iacXAqgVjm0B0Bv/S1jhDXKHqRVNCbACkJ89RAnQ==

"@types/react@^17.0.52":
  version "17.0.52"
  resolved "https://registry.yarnpkg.com/@types/react/-/react-17.0.52.tgz#10d8b907b5c563ac014a541f289ae8eaa9bf2e9b"
  integrity sha512-vwk8QqVODi0VaZZpDXQCmEmiOuyjEFPY7Ttaw5vjM112LOq37yz1CDJGrRJwA1fYEq4Iitd5rnjd1yWAc/bT+A==
  dependencies:
    "@types/prop-types" "*"
    "@types/scheduler" "*"
    csstype "^3.0.2"

"@types/scheduler@*":
  version "0.16.2"
  resolved "https://registry.yarnpkg.com/@types/scheduler/-/scheduler-0.16.2.tgz#1a62f89525723dde24ba1b01b092bf5df8ad4d39"
  integrity sha512-hppQEBDmlwhFAXKJX2KnWLYu5yMfi91yazPb2l+lbJiwW+wdo1gNeRA+3RgNSO39WYX2euey41KEwnqesU2Jew==

"@use-gesture/core@10.2.23":
  version "10.2.23"
  resolved "https://registry.yarnpkg.com/@use-gesture/core/-/core-10.2.23.tgz#ed5892e86b4ad537613b6ab83111ca58341e40c0"
  integrity sha512-Ynap/Uh6RX1Vgn3zNmFTyKapapdf7Av+GzAe6h+RsBZaxMF1z3cK6aohHPJP6T1hLrPyH/yehxa7RBqyESG9RA==

"@use-gesture/react@^10.2.23":
  version "10.2.23"
  resolved "https://registry.yarnpkg.com/@use-gesture/react/-/react-10.2.23.tgz#744f7fb68e904721a2bf3d8bffd40e446b86c82a"
  integrity sha512-anj9j3Lm4l+/s60Jv1FD2m13r+T+aYstSHUT62hTugojM64LPe9XatfEVHRyWOrGjRU2buQhlm03xN8oxkg/OQ==
  dependencies:
    "@use-gesture/core" "10.2.23"

aria-hidden@^1.1.1:
  version "1.1.3"
  resolved "https://registry.yarnpkg.com/aria-hidden/-/aria-hidden-1.1.3.tgz#bb48de18dc84787a3c6eee113709c473c64ec254"
  integrity sha512-RhVWFtKH5BiGMycI72q2RAFMLQi8JP9bLuQXgR5a8Znp7P5KOIADSJeyfI8PCVxLEp067B2HbP5JIiI/PXIZeA==
  dependencies:
    tslib "^1.0.0"

caniuse-lite@^1.0.30001406:
  version "1.0.30001441"
  resolved "https://registry.yarnpkg.com/caniuse-lite/-/caniuse-lite-1.0.30001441.tgz#987437b266260b640a23cd18fbddb509d7f69f3e"
  integrity sha512-OyxRR4Vof59I3yGWXws6i908EtGbMzVUi3ganaZQHmydk1iwDhRnvaPG2WaR0KcqrDFKrxVZHULT396LEPhXfg==

csstype@^3.0.2:
  version "3.0.8"
  resolved "https://registry.yarnpkg.com/csstype/-/csstype-3.0.8.tgz#d2266a792729fb227cd216fb572f43728e1ad340"
  integrity sha512-jXKhWqXPmlUeoQnF/EhTtTl4C9SnrxSH/jZUih3jmO6lBKr99rP3/+FmrMj4EFpOXzMtXHAZkd3x0E6h6Fgflw==

csstype@^3.0.4:
  version "3.0.10"
  resolved "https://registry.yarnpkg.com/csstype/-/csstype-3.0.10.tgz#2ad3a7bed70f35b965707c092e5f30b327c290e5"
  integrity sha512-2u44ZG2OcNUO9HDp/Jl8C07x6pU/eTR3ncV91SiK3dhG9TWvRVsCoJw14Ckx5DgWkzGA3waZWO3d7pgqpUI/XA==

detect-node-es@^1.1.0:
  version "1.1.0"
  resolved "https://registry.yarnpkg.com/detect-node-es/-/detect-node-es-1.1.0.tgz#163acdf643330caa0b4cd7c21e7ee7755d6fa493"
  integrity sha512-ypdmJU/TbBby2Dxibuv7ZLW3Bs1QEmM7nHjEANfohJLvE0XVujisn1qPJcZxg+qDucsr+bP6fLD1rPS3AhJ7EQ==

get-nonce@^1.0.0:
  version "1.0.1"
  resolved "https://registry.yarnpkg.com/get-nonce/-/get-nonce-1.0.1.tgz#fdf3f0278073820d2ce9426c18f07481b1e0cdf3"
  integrity sha512-FJhYRoDaiatfEkUK8HKlicmu/3SGFD51q3itKDGoSTysQJBnfOcxU5GxnhE1E6soB76MbT0MBtnKJuXyAx+96Q==

invariant@^2.2.4:
  version "2.2.4"
  resolved "https://registry.yarnpkg.com/invariant/-/invariant-2.2.4.tgz#610f3c92c9359ce1db616e538008d23ff35158e6"
  integrity sha512-phJfQVBuaJM5raOpJjSfkiD6BpbCE4Ns//LaXl6wGYtUBY83nWS6Rf9tXm2e8VaK60JEjYldbPif/A2B1C2gNA==
  dependencies:
    loose-envify "^1.0.0"

"js-tokens@^3.0.0 || ^4.0.0":
  version "4.0.0"
  resolved "https://registry.yarnpkg.com/js-tokens/-/js-tokens-4.0.0.tgz#19203fb59991df98e3a287050d4647cdeaf32499"
  integrity sha512-RdJUflcE3cUzKiMqQgsCu06FPu9UdIJO0beYbPhHN4k6apgJtifcoCtT9bcxOpYBtpD2kCM6Sbzg4CausW/PKQ==

loose-envify@^1.0.0, loose-envify@^1.1.0:
  version "1.4.0"
  resolved "https://registry.yarnpkg.com/loose-envify/-/loose-envify-1.4.0.tgz#71ee51fa7be4caec1a63839f7e682d8132d30caf"
  integrity sha512-lyuxPGr/Wfhrlem2CL/UcnUc1zcqKAImBDzukY7Y5F/yQiNdko6+fRLevlw1HgMySw7f611UIY408EtxRSoK3Q==
  dependencies:
    js-tokens "^3.0.0 || ^4.0.0"

nanoid@^3.3.4:
  version "3.3.4"
  resolved "https://registry.yarnpkg.com/nanoid/-/nanoid-3.3.4.tgz#730b67e3cd09e2deacf03c027c81c9d9dbc5e8ab"
  integrity sha512-MqBkQh/OHTS2egovRtLk45wEyNXwF+cokD+1YPf9u5VfJiRdAiRwB2froX5Co9Rh20xs4siNPm8naNotSD6RBw==

next@^12.3.4:
  version "12.3.4"
  resolved "https://registry.yarnpkg.com/next/-/next-12.3.4.tgz#f2780a6ebbf367e071ce67e24bd8a6e05de2fcb1"
  integrity sha512-VcyMJUtLZBGzLKo3oMxrEF0stxh8HwuW976pAzlHhI3t8qJ4SROjCrSh1T24bhrbjw55wfZXAbXPGwPt5FLRfQ==
  dependencies:
    "@next/env" "12.3.4"
    "@swc/helpers" "0.4.11"
    caniuse-lite "^1.0.30001406"
    postcss "8.4.14"
    styled-jsx "5.0.7"
    use-sync-external-store "1.2.0"
  optionalDependencies:
    "@next/swc-android-arm-eabi" "12.3.4"
    "@next/swc-android-arm64" "12.3.4"
    "@next/swc-darwin-arm64" "12.3.4"
    "@next/swc-darwin-x64" "12.3.4"
    "@next/swc-freebsd-x64" "12.3.4"
    "@next/swc-linux-arm-gnueabihf" "12.3.4"
    "@next/swc-linux-arm64-gnu" "12.3.4"
    "@next/swc-linux-arm64-musl" "12.3.4"
    "@next/swc-linux-x64-gnu" "12.3.4"
    "@next/swc-linux-x64-musl" "12.3.4"
    "@next/swc-win32-arm64-msvc" "12.3.4"
    "@next/swc-win32-ia32-msvc" "12.3.4"
    "@next/swc-win32-x64-msvc" "12.3.4"

object-assign@^4.1.1:
  version "4.1.1"
  resolved "https://registry.yarnpkg.com/object-assign/-/object-assign-4.1.1.tgz#2109adc7965887cfc05cbbd442cac8bfbb360863"
  integrity sha1-IQmtx5ZYh8/AXLvUQsrIv7s2CGM=

picocolors@^1.0.0:
  version "1.0.0"
  resolved "https://registry.yarnpkg.com/picocolors/-/picocolors-1.0.0.tgz#cb5bdc74ff3f51892236eaf79d68bc44564ab81c"
  integrity sha512-1fygroTLlHu66zi26VoTDv8yRgm0Fccecssto+MhsZ0D/DGW2sm8E8AjW7NU5VVTRt5GxbeZ5qBuJr+HyLYkjQ==

postcss@8.4.14:
  version "8.4.14"
  resolved "https://registry.yarnpkg.com/postcss/-/postcss-8.4.14.tgz#ee9274d5622b4858c1007a74d76e42e56fd21caf"
  integrity sha512-E398TUmfAYFPBSdzgeieK2Y1+1cpdxJx8yXbK/m57nRhKSmk1GB2tO4lbLBtlkfPQTDKfe4Xqv1ASWPpayPEig==
  dependencies:
    nanoid "^3.3.4"
    picocolors "^1.0.0"
    source-map-js "^1.0.2"

react-dom@^17.0.2:
  version "17.0.2"
  resolved "https://registry.yarnpkg.com/react-dom/-/react-dom-17.0.2.tgz#ecffb6845e3ad8dbfcdc498f0d0a939736502c23"
  integrity sha512-s4h96KtLDUQlsENhMn1ar8t2bEa+q/YAtj8pPPdIjPDGBDIVNsrD9aXNWqspUe6AzKCIG0C1HZZLqLV7qpOBGA==
  dependencies:
    loose-envify "^1.1.0"
    object-assign "^4.1.1"
    scheduler "^0.20.2"

react-remove-scroll-bar@^2.1.0:
  version "2.2.0"
  resolved "https://registry.yarnpkg.com/react-remove-scroll-bar/-/react-remove-scroll-bar-2.2.0.tgz#d4d545a7df024f75d67e151499a6ab5ac97c8cdd"
  integrity sha512-UU9ZBP1wdMR8qoUs7owiVcpaPwsQxUDC2lypP6mmixaGlARZa7ZIBx1jcuObLdhMOvCsnZcvetOho0wzPa9PYg==
  dependencies:
    react-style-singleton "^2.1.0"
    tslib "^1.0.0"

react-remove-scroll@^2.4.0:
  version "2.4.3"
  resolved "https://registry.yarnpkg.com/react-remove-scroll/-/react-remove-scroll-2.4.3.tgz#83d19b02503b04bd8141ed6e0b9e6691a2e935a6"
  integrity sha512-lGWYXfV6jykJwbFpsuPdexKKzp96f3RbvGapDSIdcyGvHb7/eqyn46C7/6h+rUzYar1j5mdU+XECITHXCKBk9Q==
  dependencies:
    react-remove-scroll-bar "^2.1.0"
    react-style-singleton "^2.1.0"
    tslib "^1.0.0"
    use-callback-ref "^1.2.3"
    use-sidecar "^1.0.1"

react-style-singleton@^2.1.0:
  version "2.1.1"
  resolved "https://registry.yarnpkg.com/react-style-singleton/-/react-style-singleton-2.1.1.tgz#ce7f90b67618be2b6b94902a30aaea152ce52e66"
  integrity sha512-jNRp07Jza6CBqdRKNgGhT3u9umWvils1xsuMOjZlghBDH2MU0PL2WZor4PGYjXpnRCa9DQSlHMs/xnABWOwYbA==
  dependencies:
    get-nonce "^1.0.0"
    invariant "^2.2.4"
    tslib "^1.0.0"

react@^17.0.2:
  version "17.0.2"
  resolved "https://registry.yarnpkg.com/react/-/react-17.0.2.tgz#d0b5cc516d29eb3eee383f75b62864cfb6800037"
  integrity sha512-gnhPt75i/dq/z3/6q/0asP78D0u592D5L1pd7M8P+dck6Fu/jJeL6iVVK23fptSUZj8Vjf++7wXA8UNclGQcbA==
  dependencies:
    loose-envify "^1.1.0"
    object-assign "^4.1.1"

regenerator-runtime@^0.13.4:
  version "0.13.9"
  resolved "https://registry.yarnpkg.com/regenerator-runtime/-/regenerator-runtime-0.13.9.tgz#8925742a98ffd90814988d7566ad30ca3b263b52"
  integrity sha512-p3VT+cOEgxFsRRA9X4lkI1E+k2/CtnKtU4gcxyaCUreilL/vqI6CdZ3wxVUx3UOUg+gnUOQQcRI7BmSI656MYA==

scheduler@^0.20.2:
  version "0.20.2"
  resolved "https://registry.yarnpkg.com/scheduler/-/scheduler-0.20.2.tgz#4baee39436e34aa93b4874bddcbf0fe8b8b50e91"
  integrity sha512-2eWfGgAqqWFGqtdMmcL5zCMK1U8KlXv8SQFGglL3CEtd0aDVDWgeF/YoCmvln55m5zSk3J/20hTaSBeSObsQDQ==
  dependencies:
    loose-envify "^1.1.0"
    object-assign "^4.1.1"

source-map-js@^1.0.2:
  version "1.0.2"
  resolved "https://registry.yarnpkg.com/source-map-js/-/source-map-js-1.0.2.tgz#adbc361d9c62df380125e7f161f71c826f1e490c"
  integrity sha512-R0XvVJ9WusLiqTCEiGCmICCMplcCkIwwR11mOSD9CR5u+IXYdiseeEuXCVAjS54zqwkLcPNnmU4OeJ6tUrWhDw==

styled-jsx@5.0.7:
  version "5.0.7"
  resolved "https://registry.yarnpkg.com/styled-jsx/-/styled-jsx-5.0.7.tgz#be44afc53771b983769ac654d355ca8d019dff48"
  integrity sha512-b3sUzamS086YLRuvnaDigdAewz1/EFYlHpYBP5mZovKEdQQOIIYq8lApylub3HHZ6xFjV051kkGU7cudJmrXEA==

tslib@^1.0.0, tslib@^1.9.3:
  version "1.14.1"
  resolved "https://registry.yarnpkg.com/tslib/-/tslib-1.14.1.tgz#cf2d38bdc34a134bcaf1091c41f6619e2f672d00"
  integrity sha512-Xni35NKzjgMrwevysHTCArtLDpPvye8zV/0E4EyYn43P7/7qvQwPh9BGkHewbMulVntbigmcT7rdX3BNo9wRJg==

tslib@^2.4.0:
  version "2.4.1"
  resolved "https://registry.yarnpkg.com/tslib/-/tslib-2.4.1.tgz#0d0bfbaac2880b91e22df0768e55be9753a5b17e"
  integrity sha512-tGyy4dAjRIEwI7BzsB0lynWgOpfqjUdq91XXAlIWD2OwKBH7oCl/GZG/HT4BOHrTlPMOASlMQ7veyTqpmRcrNA==

typescript@^4.9.4:
  version "4.9.4"
  resolved "https://registry.yarnpkg.com/typescript/-/typescript-4.9.4.tgz#a2a3d2756c079abda241d75f149df9d561091e78"
  integrity sha512-Uz+dTXYzxXXbsFpM86Wh3dKCxrQqUcVMxwU54orwlJjOpO3ao8L7j5lH+dWfTwgCwIuM9GQ2kvVotzYJMXTBZg==

use-callback-ref@^1.2.3:
  version "1.2.5"
  resolved "https://registry.yarnpkg.com/use-callback-ref/-/use-callback-ref-1.2.5.tgz#6115ed242cfbaed5915499c0a9842ca2912f38a5"
  integrity sha512-gN3vgMISAgacF7sqsLPByqoePooY3n2emTH59Ur5d/M8eg4WTWu1xp8i8DHjohftIyEx0S08RiYxbffr4j8Peg==

use-sidecar@^1.0.1:
  version "1.0.5"
  resolved "https://registry.yarnpkg.com/use-sidecar/-/use-sidecar-1.0.5.tgz#ffff2a17c1df42e348624b699ba6e5c220527f2b"
  integrity sha512-k9jnrjYNwN6xYLj1iaGhonDghfvmeTmYjAiGvOr7clwKfPjMXJf4/HOr7oT5tJwYafgp2tG2l3eZEOfoELiMcA==
  dependencies:
    detect-node-es "^1.1.0"
    tslib "^1.9.3"

use-sync-external-store@1.2.0:
  version "1.2.0"
  resolved "https://registry.yarnpkg.com/use-sync-external-store/-/use-sync-external-store-1.2.0.tgz#7dbefd6ef3fe4e767a0cf5d7287aacfb5846928a"
  integrity sha512-eEgnFxGQ1Ife9bzYs6VLi8/4X6CObHMw9Qr9tPY43iKwsPw8xE8+EFsf/2cFZ5S3esXgpWgtSCtLNS41F+sKPA==

zustand@^3.7.2:
  version "3.7.2"
  resolved "https://registry.yarnpkg.com/zustand/-/zustand-3.7.2.tgz#7b44c4f4a5bfd7a8296a3957b13e1c346f42514d"
  integrity sha512-PIJDIZKtokhof+9+60cpockVOq05sJzHCriyvaLBmEJixseQ1a5Kdov6fWZfWOu5SK9c+FhH1jU0tntLxRJYMA==
